
Microsoft Visual Studio Solution File, Format Version 12.00
# Visual Studio Version 17
VisualStudioVersion = 17.7.34009.444
MinimumVisualStudioVersion = 10.0.40219.1
Project("{FAE04EC0-301F-11D3-BF4B-00C04F79EFBC}") = "Visuales", "Visuales\Visuales.csproj", "{2B209689-238B-4515-ABFC-B4C48EFBFC20}"
EndProject
Project("{FAE04EC0-301F-11D3-BF4B-00C04F79EFBC}") = "ConsoleApp1", "ConsoleApp1\ConsoleApp1.csproj", "{84743439-245C-43A4-B9A6-91E7AF9175D5}"
EndProject
Global
	GlobalSection(SolutionConfigurationPlatforms) = preSolution
		Debug|Any CPU = Debug|Any CPU
		Release|Any CPU = Release|Any CPU
	EndGlobalSection
	GlobalSection(ProjectConfigurationPlatforms) = postSolution
		{2B209689-238B-4515-ABFC-B4C48EFBFC20}.Debug|Any CPU.ActiveCfg = Debug|Any CPU
		{2B209689-238B-4515-ABFC-B4C48EFBFC20}.Debug|Any CPU.Build.0 = Debug|Any CPU
		{2B209689-238B-4515-ABFC-B4C48EFBFC20}.Release|Any CPU.ActiveCfg = Release|Any CPU
		{2B209689-238B-4515-ABFC-B4C48EFBFC20}.Release|Any CPU.Build.0 = Release|Any CPU
		{84743439-245C-43A4-B9A6-91E7AF9175D5}.Debug|Any CPU.ActiveCfg = Debug|Any CPU
		{84743439-245C-43A4-B9A6-91E7AF9175D5}.Debug|Any CPU.Build.0 = Debug|Any CPU
		{84743439-245C-43A4-B9A6-91E7AF9175D5}.Release|Any CPU.ActiveCfg = Release|Any CPU
		{84743439-245C-43A4-B9A6-91E7AF9175D5}.Release|Any CPU.Build.0 = Release|Any CPU
	EndGlobalSection
	GlobalSection(SolutionProperties) = preSolution
		HideSolutionNode = FALSE
	EndGlobalSection
	GlobalSection(ExtensibilityGlobals) = postSolution
		SolutionGuid = {A1073D2E-ADA7-4DB3-8BF2-8002AC3A69E0}
	EndGlobalSection
EndGlobal
